dependencies:
- name: grafana
  repository: https://grafana.github.io/helm-charts
  version: 7.3.7
- name: victoria-metrics-single
  repository: https://victoriametrics.github.io/helm-charts/
  version: 0.9.17
- name: victoria-metrics-single
  repository: https://victoriametrics.github.io/helm-charts/
  version: 0.9.17
- name: victoria-metrics-alert
  repository: https://victoriametrics.github.io/helm-charts/
  version: 0.12.2
digest: sha256:d1a1c1e493edc99b3f9acdf05e0608ecc2be0d31a3e7dc1757d5b16edc4d5284
generated: "2024-10-11T12:07:43.29274508Z"
