dependencies:
- name: grafana
  repository: https://grafana.github.io/helm-charts
  version: 8.5.2
- name: victoria-metrics-single
  repository: https://victoriametrics.github.io/helm-charts/
  version: 0.9.17
- name: victoria-metrics-single
  repository: https://victoriametrics.github.io/helm-charts/
  version: 0.9.17
- name: victoria-metrics-alert
  repository: https://victoriametrics.github.io/helm-charts/
  version: 0.9.4
digest: sha256:ba475337c61cfe11ce70254dd9471cfaf97d799da7a20ebe2e7e774d00783f54
generated: "2024-10-02T08:07:13.373173372Z"
